
Microsoft Visual Studio Solution File, Format Version 12.00
# Visual Studio Version 17
VisualStudioVersion = 17.5.33530.505
MinimumVisualStudioVersion = 10.0.40219.1
Project("{FAE04EC0-301F-11D3-BF4B-00C04F79EFBC}") = "DAL", "DAL\DAL.csproj", "{A7503FFD-952E-4F60-9255-3B442586EB09}"
EndProject
Project("{FAE04EC0-301F-11D3-BF4B-00C04F79EFBC}") = "DOL", "DOL\DOL.csproj", "{8A9ED7E1-F088-4660-A1CD-98522315BAF1}"
EndProject
Project("{FAE04EC0-301F-11D3-BF4B-00C04F79EFBC}") = "CarRental_Backend", "CarRental_Backend\CarRental_Backend.csproj", "{D660D969-CF8D-45C7-8EF3-C53F78365FBB}"
EndProject
Global
	GlobalSection(SolutionConfigurationPlatforms) = preSolution
		Debug|Any CPU = Debug|Any CPU
		Release|Any CPU = Release|Any CPU
	EndGlobalSection
	GlobalSection(ProjectConfigurationPlatforms) = postSolution
		{A7503FFD-952E-4F60-9255-3B442586EB09}.Debug|Any CPU.ActiveCfg = Debug|Any CPU
		{A7503FFD-952E-4F60-9255-3B442586EB09}.Debug|Any CPU.Build.0 = Debug|Any CPU
		{A7503FFD-952E-4F60-9255-3B442586EB09}.Release|Any CPU.ActiveCfg = Release|Any CPU
		{A7503FFD-952E-4F60-9255-3B442586EB09}.Release|Any CPU.Build.0 = Release|Any CPU
		{8A9ED7E1-F088-4660-A1CD-98522315BAF1}.Debug|Any CPU.ActiveCfg = Debug|Any CPU
		{8A9ED7E1-F088-4660-A1CD-98522315BAF1}.Debug|Any CPU.Build.0 = Debug|Any CPU
		{8A9ED7E1-F088-4660-A1CD-98522315BAF1}.Release|Any CPU.ActiveCfg = Release|Any CPU
		{8A9ED7E1-F088-4660-A1CD-98522315BAF1}.Release|Any CPU.Build.0 = Release|Any CPU
		{D660D969-CF8D-45C7-8EF3-C53F78365FBB}.Debug|Any CPU.ActiveCfg = Debug|Any CPU
		{D660D969-CF8D-45C7-8EF3-C53F78365FBB}.Debug|Any CPU.Build.0 = Debug|Any CPU
		{D660D969-CF8D-45C7-8EF3-C53F78365FBB}.Release|Any CPU.ActiveCfg = Release|Any CPU
		{D660D969-CF8D-45C7-8EF3-C53F78365FBB}.Release|Any CPU.Build.0 = Release|Any CPU
	EndGlobalSection
	GlobalSection(SolutionProperties) = preSolution
		HideSolutionNode = FALSE
	EndGlobalSection
	GlobalSection(ExtensibilityGlobals) = postSolution
		SolutionGuid = {F01ADCAA-A65A-4DDE-930F-20E98BB28EA1}
	EndGlobalSection
EndGlobal
